PODS:
  - boost (1.76.0)
  - DoubleConversion (1.1.6)
  - FBLazyVector (0.68.2-3)
  - FBReactNativeSpec (0.68.2-3):
    - RCT-Folly (= 2021.06.28.00-v2)
    - RCTRequired (= 0.68.2-3)
    - RCTTypeSafety (= 0.68.2-3)
    - React-Core (= 0.68.2-3)
    - React-jsi (= 0.68.2-3)
    - ReactCommon/turbomodule/core (= 0.68.2-3)
  - fmt (7.1.3)
  - glog (0.3.5)
  - RCT-Folly (2021.06.28.00-v2):
    - boost
    - DoubleConversion
    - fmt
    - glog
    - RCT-Folly/Default (= 2021.06.28.00-v2)
  - RCT-Folly/Default (2021.06.28.00-v2):
    - boost
    - DoubleConversion
    - fmt
    - glog
  - RCTRequired (0.68.2-3)
  - RCTTypeSafety (0.68.2-3):
    - FBLazyVector (= 0.68.2-3)
    - RCT-Folly (= 2021.06.28.00-v2)
    - RCTRequired (= 0.68.2-3)
    - React-Core (= 0.68.2-3)
  - React (0.68.2-3):
    - React-Core (= 0.68.2-3)
    - React-Core/DevSupport (= 0.68.2-3)
    - React-Core/RCTWebSocket (= 0.68.2-3)
    - React-RCTAnimation (= 0.68.2-3)
    - React-RCTBlob (= 0.68.2-3)
    - React-RCTImage (= 0.68.2-3)
    - React-RCTLinking (= 0.68.2-3)
    - React-RCTNetwork (= 0.68.2-3)
    - React-RCTSettings (= 0.68.2-3)
    - React-RCTText (= 0.68.2-3)
  - React-callinvoker (0.68.2-3)
  - React-Codegen (0.68.2-3):
    - FBReactNativeSpec (= 0.68.2-3)
    - RCT-Folly (= 2021.06.28.00-v2)
    - RCTRequired (= 0.68.2-3)
    - RCTTypeSafety (= 0.68.2-3)
    - React-Core (= 0.68.2-3)
    - React-jsi (= 0.68.2-3)
    - React-jsiexecutor (= 0.68.2-3)
    - ReactCommon/turbomodule/core (= 0.68.2-3)
  - React-Core (0.68.2-3):
    - glog
    - RCT-Folly (= 2021.06.28.00-v2)
    - React-Core/Default (= 0.68.2-3)
    - React-cxxreact (= 0.68.2-3)
    - React-jsi (= 0.68.2-3)
    - React-jsiexecutor (= 0.68.2-3)
    - React-perflogger (= 0.68.2-3)
    - Yoga
  - React-Core/CoreModulesHeaders (0.68.2-3):
    - glog
    - RCT-Folly (= 2021.06.28.00-v2)
    - React-Core/Default
    - React-cxxreact (= 0.68.2-3)
    - React-jsi (= 0.68.2-3)
    - React-jsiexecutor (= 0.68.2-3)
    - React-perflogger (= 0.68.2-3)
    - Yoga
  - React-Core/Default (0.68.2-3):
    - glog
    - RCT-Folly (= 2021.06.28.00-v2)
    - React-cxxreact (= 0.68.2-3)
    - React-jsi (= 0.68.2-3)
    - React-jsiexecutor (= 0.68.2-3)
    - React-perflogger (= 0.68.2-3)
    - Yoga
  - React-Core/DevSupport (0.68.2-3):
    - glog
    - RCT-Folly (= 2021.06.28.00-v2)
    - React-Core/Default (= 0.68.2-3)
    - React-Core/RCTWebSocket (= 0.68.2-3)
    - React-cxxreact (= 0.68.2-3)
    - React-jsi (= 0.68.2-3)
    - React-jsiexecutor (= 0.68.2-3)
    - React-jsinspector (= 0.68.2-3)
    - React-perflogger (= 0.68.2-3)
    - Yoga
  - React-Core/RCTAnimationHeaders (0.68.2-3):
    - glog
    - RCT-Folly (= 2021.06.28.00-v2)
    - React-Core/Default
    - React-cxxreact (= 0.68.2-3)
    - React-jsi (= 0.68.2-3)
    - React-jsiexecutor (= 0.68.2-3)
    - React-perflogger (= 0.68.2-3)
    - Yoga
  - React-Core/RCTBlobHeaders (0.68.2-3):
    - glog
    - RCT-Folly (= 2021.06.28.00-v2)
    - React-Core/Default
    - React-cxxreact (= 0.68.2-3)
    - React-jsi (= 0.68.2-3)
    - React-jsiexecutor (= 0.68.2-3)
    - React-perflogger (= 0.68.2-3)
    - Yoga
  - React-Core/RCTImageHeaders (0.68.2-3):
    - glog
    - RCT-Folly (= 2021.06.28.00-v2)
    - React-Core/Default
    - React-cxxreact (= 0.68.2-3)
    - React-jsi (= 0.68.2-3)
    - React-jsiexecutor (= 0.68.2-3)
    - React-perflogger (= 0.68.2-3)
    - Yoga
  - React-Core/RCTLinkingHeaders (0.68.2-3):
    - glog
    - RCT-Folly (= 2021.06.28.00-v2)
    - React-Core/Default
    - React-cxxreact (= 0.68.2-3)
    - React-jsi (= 0.68.2-3)
    - React-jsiexecutor (= 0.68.2-3)
    - React-perflogger (= 0.68.2-3)
    - Yoga
  - React-Core/RCTNetworkHeaders (0.68.2-3):
    - glog
    - RCT-Folly (= 2021.06.28.00-v2)
    - React-Core/Default
    - React-cxxreact (= 0.68.2-3)
    - React-jsi (= 0.68.2-3)
    - React-jsiexecutor (= 0.68.2-3)
    - React-perflogger (= 0.68.2-3)
    - Yoga
  - React-Core/RCTSettingsHeaders (0.68.2-3):
    - glog
    - RCT-Folly (= 2021.06.28.00-v2)
    - React-Core/Default
    - React-cxxreact (= 0.68.2-3)
    - React-jsi (= 0.68.2-3)
    - React-jsiexecutor (= 0.68.2-3)
    - React-perflogger (= 0.68.2-3)
    - Yoga
  - React-Core/RCTTextHeaders (0.68.2-3):
    - glog
    - RCT-Folly (= 2021.06.28.00-v2)
    - React-Core/Default
    - React-cxxreact (= 0.68.2-3)
    - React-jsi (= 0.68.2-3)
    - React-jsiexecutor (= 0.68.2-3)
    - React-perflogger (= 0.68.2-3)
    - Yoga
  - React-Core/RCTWebSocket (0.68.2-3):
    - glog
    - RCT-Folly (= 2021.06.28.00-v2)
    - React-Core/Default (= 0.68.2-3)
    - React-cxxreact (= 0.68.2-3)
    - React-jsi (= 0.68.2-3)
    - React-jsiexecutor (= 0.68.2-3)
    - React-perflogger (= 0.68.2-3)
    - Yoga
  - React-CoreModules (0.68.2-3):
    - RCT-Folly (= 2021.06.28.00-v2)
    - RCTTypeSafety (= 0.68.2-3)
    - React-Codegen (= 0.68.2-3)
    - React-Core/CoreModulesHeaders (= 0.68.2-3)
    - React-jsi (= 0.68.2-3)
    - React-RCTImage (= 0.68.2-3)
    - ReactCommon/turbomodule/core (= 0.68.2-3)
  - React-cxxreact (0.68.2-3):
    - boost (= 1.76.0)
    - DoubleConversion
    - glog
    - RCT-Folly (= 2021.06.28.00-v2)
    - React-callinvoker (= 0.68.2-3)
    - React-jsi (= 0.68.2-3)
    - React-jsinspector (= 0.68.2-3)
    - React-logger (= 0.68.2-3)
    - React-perflogger (= 0.68.2-3)
    - React-runtimeexecutor (= 0.68.2-3)
  - React-jsi (0.68.2-3):
    - boost (= 1.76.0)
    - DoubleConversion
    - glog
    - RCT-Folly (= 2021.06.28.00-v2)
    - React-jsi/Default (= 0.68.2-3)
  - React-jsi/Default (0.68.2-3):
    - boost (= 1.76.0)
    - DoubleConversion
    - glog
    - RCT-Folly (= 2021.06.28.00-v2)
  - React-jsiexecutor (0.68.2-3):
    - DoubleConversion
    - glog
    - RCT-Folly (= 2021.06.28.00-v2)
    - React-cxxreact (= 0.68.2-3)
    - React-jsi (= 0.68.2-3)
    - React-perflogger (= 0.68.2-3)
  - React-jsinspector (0.68.2-3)
  - React-logger (0.68.2-3):
    - glog
  - react-native-safe-area-context (4.3.1):
    - RCT-Folly
    - RCTRequired
    - RCTTypeSafety
    - React
    - ReactCommon/turbomodule/core
  - React-perflogger (0.68.2-3)
  - React-RCTAnimation (0.68.2-3):
    - RCT-Folly (= 2021.06.28.00-v2)
    - RCTTypeSafety (= 0.68.2-3)
    - React-Codegen (= 0.68.2-3)
    - React-Core/RCTAnimationHeaders (= 0.68.2-3)
    - React-jsi (= 0.68.2-3)
    - ReactCommon/turbomodule/core (= 0.68.2-3)
  - React-RCTBlob (0.68.2-3):
    - RCT-Folly (= 2021.06.28.00-v2)
    - React-Codegen (= 0.68.2-3)
    - React-Core/RCTBlobHeaders (= 0.68.2-3)
    - React-Core/RCTWebSocket (= 0.68.2-3)
    - React-jsi (= 0.68.2-3)
    - React-RCTNetwork (= 0.68.2-3)
    - ReactCommon/turbomodule/core (= 0.68.2-3)
  - React-RCTImage (0.68.2-3):
    - RCT-Folly (= 2021.06.28.00-v2)
    - RCTTypeSafety (= 0.68.2-3)
    - React-Codegen (= 0.68.2-3)
    - React-Core/RCTImageHeaders (= 0.68.2-3)
    - React-jsi (= 0.68.2-3)
    - React-RCTNetwork (= 0.68.2-3)
    - ReactCommon/turbomodule/core (= 0.68.2-3)
  - React-RCTLinking (0.68.2-3):
    - React-Codegen (= 0.68.2-3)
    - React-Core/RCTLinkingHeaders (= 0.68.2-3)
    - React-jsi (= 0.68.2-3)
    - ReactCommon/turbomodule/core (= 0.68.2-3)
  - React-RCTNetwork (0.68.2-3):
    - RCT-Folly (= 2021.06.28.00-v2)
    - RCTTypeSafety (= 0.68.2-3)
    - React-Codegen (= 0.68.2-3)
    - React-Core/RCTNetworkHeaders (= 0.68.2-3)
    - React-jsi (= 0.68.2-3)
    - ReactCommon/turbomodule/core (= 0.68.2-3)
  - React-RCTSettings (0.68.2-3):
    - RCT-Folly (= 2021.06.28.00-v2)
    - RCTTypeSafety (= 0.68.2-3)
    - React-Codegen (= 0.68.2-3)
    - React-Core/RCTSettingsHeaders (= 0.68.2-3)
    - React-jsi (= 0.68.2-3)
    - ReactCommon/turbomodule/core (= 0.68.2-3)
  - React-RCTText (0.68.2-3):
    - React-Core/RCTTextHeaders (= 0.68.2-3)
  - React-runtimeexecutor (0.68.2-3):
    - React-jsi (= 0.68.2-3)
  - ReactCommon/turbomodule/core (0.68.2-3):
    - DoubleConversion
    - glog
    - RCT-Folly (= 2021.06.28.00-v2)
    - React-callinvoker (= 0.68.2-3)
    - React-Core (= 0.68.2-3)
    - React-cxxreact (= 0.68.2-3)
    - React-jsi (= 0.68.2-3)
    - React-logger (= 0.68.2-3)
    - React-perflogger (= 0.68.2-3)
  - RNCMaskedView (0.1.11):
    - React
  - RNGestureHandler (2.5.0):
    - React-Core
  - RNReanimated (2.8.0):
    - DoubleConversion
    - FBLazyVector
    - FBReactNativeSpec
    - glog
    - RCT-Folly
    - RCTRequired
    - RCTTypeSafety
    - React-callinvoker
    - React-Core
    - React-Core/DevSupport
    - React-Core/RCTWebSocket
    - React-CoreModules
    - React-cxxreact
    - React-jsi
    - React-jsiexecutor
    - React-jsinspector
    - React-RCTAnimation
    - React-RCTBlob
    - React-RCTImage
    - React-RCTLinking
    - React-RCTNetwork
    - React-RCTSettings
    - React-RCTText
    - ReactCommon/turbomodule/core
    - Yoga
  - RNScreens (3.15.0):
    - React-Core
    - React-RCTImage
  - RNSVG (12.3.0):
    - React-Core
  - Yoga (1.14.0)

DEPENDENCIES:
  - boost (from `../node_modules/react-native/third-party-podspecs/boost.podspec`)
  - DoubleConversion (from `../node_modules/react-native/third-party-podspecs/DoubleConversion.podspec`)
  - FBLazyVector (from `../node_modules/react-native/Libraries/FBLazyVector`)
  - FBReactNativeSpec (from `../node_modules/react-native/React/FBReactNativeSpec`)
  - fmt (from `../node_modules/react-native/third-party-podspecs/fmt.podspec`)
  - glog (from `../node_modules/react-native/third-party-podspecs/glog.podspec`)
  - RCT-Folly (from `../node_modules/react-native/third-party-podspecs/RCT-Folly.podspec`)
  - RCTRequired (from `../node_modules/react-native/Libraries/RCTRequired`)
  - RCTTypeSafety (from `../node_modules/react-native/Libraries/TypeSafety`)
  - React (from `../node_modules/react-native/`)
  - React-callinvoker (from `../node_modules/react-native/ReactCommon/callinvoker`)
  - React-Codegen (from `build/generated/ios`)
  - React-Core (from `../node_modules/react-native/`)
  - React-Core/DevSupport (from `../node_modules/react-native/`)
  - React-Core/RCTWebSocket (from `../node_modules/react-native/`)
  - React-CoreModules (from `../node_modules/react-native/React/CoreModules`)
  - React-cxxreact (from `../node_modules/react-native/ReactCommon/cxxreact`)
  - React-jsi (from `../node_modules/react-native/ReactCommon/jsi`)
  - React-jsiexecutor (from `../node_modules/react-native/ReactCommon/jsiexecutor`)
  - React-jsinspector (from `../node_modules/react-native/ReactCommon/jsinspector`)
  - React-logger (from `../node_modules/react-native/ReactCommon/logger`)
  - react-native-safe-area-context (from `../node_modules/react-native-safe-area-context`)
  - React-perflogger (from `../node_modules/react-native/ReactCommon/reactperflogger`)
  - React-RCTAnimation (from `../node_modules/react-native/Libraries/NativeAnimation`)
  - React-RCTBlob (from `../node_modules/react-native/Libraries/Blob`)
  - React-RCTImage (from `../node_modules/react-native/Libraries/Image`)
  - React-RCTLinking (from `../node_modules/react-native/Libraries/LinkingIOS`)
  - React-RCTNetwork (from `../node_modules/react-native/Libraries/Network`)
  - React-RCTSettings (from `../node_modules/react-native/Libraries/Settings`)
  - React-RCTText (from `../node_modules/react-native/Libraries/Text`)
  - React-runtimeexecutor (from `../node_modules/react-native/ReactCommon/runtimeexecutor`)
  - ReactCommon/turbomodule/core (from `../node_modules/react-native/ReactCommon`)
  - "RNCMaskedView (from `../node_modules/@react-native-community/masked-view`)"
  - RNGestureHandler (from `../node_modules/react-native-gesture-handler`)
  - RNReanimated (from `../node_modules/react-native-reanimated`)
  - RNScreens (from `../node_modules/react-native-screens`)
  - RNSVG (from `../node_modules/react-native-svg`)
  - Yoga (from `../node_modules/react-native/ReactCommon/yoga`)

EXTERNAL SOURCES:
  boost:
    :podspec: "../node_modules/react-native/third-party-podspecs/boost.podspec"
  DoubleConversion:
    :podspec: "../node_modules/react-native/third-party-podspecs/DoubleConversion.podspec"
  FBLazyVector:
    :path: "../node_modules/react-native/Libraries/FBLazyVector"
  FBReactNativeSpec:
    :path: "../node_modules/react-native/React/FBReactNativeSpec"
  fmt:
    :podspec: "../node_modules/react-native/third-party-podspecs/fmt.podspec"
  glog:
    :podspec: "../node_modules/react-native/third-party-podspecs/glog.podspec"
  RCT-Folly:
    :podspec: "../node_modules/react-native/third-party-podspecs/RCT-Folly.podspec"
  RCTRequired:
    :path: "../node_modules/react-native/Libraries/RCTRequired"
  RCTTypeSafety:
    :path: "../node_modules/react-native/Libraries/TypeSafety"
  React:
    :path: "../node_modules/react-native/"
  React-callinvoker:
    :path: "../node_modules/react-native/ReactCommon/callinvoker"
  React-Codegen:
    :path: build/generated/ios
  React-Core:
    :path: "../node_modules/react-native/"
  React-CoreModules:
    :path: "../node_modules/react-native/React/CoreModules"
  React-cxxreact:
    :path: "../node_modules/react-native/ReactCommon/cxxreact"
  React-jsi:
    :path: "../node_modules/react-native/ReactCommon/jsi"
  React-jsiexecutor:
    :path: "../node_modules/react-native/ReactCommon/jsiexecutor"
  React-jsinspector:
    :path: "../node_modules/react-native/ReactCommon/jsinspector"
  React-logger:
    :path: "../node_modules/react-native/ReactCommon/logger"
  react-native-safe-area-context:
    :path: "../node_modules/react-native-safe-area-context"
  React-perflogger:
    :path: "../node_modules/react-native/ReactCommon/reactperflogger"
  React-RCTAnimation:
    :path: "../node_modules/react-native/Libraries/NativeAnimation"
  React-RCTBlob:
    :path: "../node_modules/react-native/Libraries/Blob"
  React-RCTImage:
    :path: "../node_modules/react-native/Libraries/Image"
  React-RCTLinking:
    :path: "../node_modules/react-native/Libraries/LinkingIOS"
  React-RCTNetwork:
    :path: "../node_modules/react-native/Libraries/Network"
  React-RCTSettings:
    :path: "../node_modules/react-native/Libraries/Settings"
  React-RCTText:
    :path: "../node_modules/react-native/Libraries/Text"
  React-runtimeexecutor:
    :path: "../node_modules/react-native/ReactCommon/runtimeexecutor"
  ReactCommon:
    :path: "../node_modules/react-native/ReactCommon"
  RNCMaskedView:
    :path: "../node_modules/@react-native-community/masked-view"
  RNGestureHandler:
    :path: "../node_modules/react-native-gesture-handler"
  RNReanimated:
    :path: "../node_modules/react-native-reanimated"
  RNScreens:
    :path: "../node_modules/react-native-screens"
  RNSVG:
    :path: "../node_modules/react-native-svg"
  Yoga:
    :path: "../node_modules/react-native/ReactCommon/yoga"

SPEC CHECKSUMS:
  boost: a7c83b31436843459a1961bfd74b96033dc77234
  DoubleConversion: 1d2f3470dfd56717030d0855f8332361bbd85236
  FBLazyVector: 65b8eac842e393f6ce3c2503f26fbfd25886ff4f
  FBReactNativeSpec: 95550414a991d2d5ff6406e6720ca8cc37fac0fa
  fmt: 135c0c55547979f715b56dfa54037ececa96d07a
  glog: 5b768715ae7bf8149e9d269089c22585cee27eb7
  RCT-Folly: 5b616707d7d51519bd8d59b3e11f15df58f54df7
  RCTRequired: 9547a175cf93cdd92fcac6b8f572e244be94eba7
  RCTTypeSafety: a3176bfb33c20b9f90656485f5b5c3f1b4a0eb98
  React: 87fa6e16d42e0ba88144c7a0a10febd34e44d016
  React-callinvoker: f69d1eddb3c859448c63bb0373db828dd6f38fb6
  React-Codegen: c30e8ba833cb745e032c195676744ae10e5b5b88
  React-Core: b7bf606d7f373d4d70a77e332cba12df3b38b658
  React-CoreModules: cf7a32d87c5802c51acd74ea95ec9a69c569c386
  React-cxxreact: 96bdec4f62ca4d26c3fd4d43e0e87dc39a6b25d9
  React-jsi: c0febdbbd9db6facf5f488a979e36d45034d036d
  React-jsiexecutor: 11fc079b35802418fae5bf2af02f7c69cbf32873
  React-jsinspector: 4e4033c34a3899a14c0b2f4efde25f841d2b8cbd
  React-logger: 6cb39f6ef26a3816744a7fb6cf1b5773322d9b6b
  react-native-safe-area-context: 6c12e3859b6f27b25de4fee8201cfb858432d8de
  React-perflogger: 8c68627f692d6d60299924cff77f02edf4bc31c6
  React-RCTAnimation: eb4ec154c05a8cc50934c8240a7bd8e8e5f1123a
  React-RCTBlob: ccca35082ce7b1dceca61842e425e92808ffe21d
  React-RCTImage: 2fd48f1c71d8e1432fc9a13789cf1d5980b7be17
  React-RCTLinking: 237aaa831117a96af8b5a9bca6c9460f89f9e011
  React-RCTNetwork: 9df6c9217cbf543f93472c0076fcb1eba45d53ee
  React-RCTSettings: 5ea1523006cffec4b0137f2c08cd31ed6669f9ae
  React-RCTText: 8da4c61ca3b08758076eda56a442b58ce79bc485
  React-runtimeexecutor: c9bdae015f449f2e4f906add64ad8db4e051a73b
  ReactCommon: 813919793fce0b077d0aecc60ca0ce506a036333
  RNCMaskedView: 0e1bc4bfa8365eba5fbbb71e07fbdc0555249489
  RNGestureHandler: bad495418bcbd3ab47017a38d93d290ebd406f50
  RNReanimated: 9bbb5e2a4dcf3b631e43b34432d1bffbe9a39141
  RNScreens: 4a1af06327774490d97342c00aee0c2bafb497b7
  RNSVG: 302bfc9905bd8122f08966dc2ce2d07b7b52b9f8
  Yoga: 87e3769fade875592e863ac86fb048a286d2bfa8

PODFILE CHECKSUM: f4171d436bd7211a4de4490813baadc5438d0f5b

COCOAPODS: 1.11.3
