PODS:
  - boost (1.76.0)
  - DoubleConversion (1.1.6)
  - FBLazyVector (0.69.6-1)
  - FBReactNativeSpec (0.69.6-1):
    - RCT-Folly (= 2021.06.28.00-v2)
    - RCTRequired (= 0.69.6-1)
    - RCTTypeSafety (= 0.69.6-1)
    - React-Core (= 0.69.6-1)
    - React-jsi (= 0.69.6-1)
    - ReactCommon/turbomodule/core (= 0.69.6-1)
  - fmt (7.1.3)
  - glog (0.3.5)
  - RCT-Folly (2021.06.28.00-v2):
    - boost
    - DoubleConversion
    - fmt
    - glog
    - RCT-Folly/Default (= 2021.06.28.00-v2)
  - RCT-Folly/Default (2021.06.28.00-v2):
    - boost
    - DoubleConversion
    - fmt
    - glog
  - RCTRequired (0.69.6-1)
  - RCTTypeSafety (0.69.6-1):
    - FBLazyVector (= 0.69.6-1)
    - RCTRequired (= 0.69.6-1)
    - React-Core (= 0.69.6-1)
  - React (0.69.6-1):
    - React-Core (= 0.69.6-1)
    - React-Core/DevSupport (= 0.69.6-1)
    - React-Core/RCTWebSocket (= 0.69.6-1)
    - React-RCTAnimation (= 0.69.6-1)
    - React-RCTBlob (= 0.69.6-1)
    - React-RCTImage (= 0.69.6-1)
    - React-RCTLinking (= 0.69.6-1)
    - React-RCTNetwork (= 0.69.6-1)
    - React-RCTSettings (= 0.69.6-1)
    - React-RCTText (= 0.69.6-1)
  - React-bridging (0.69.6-1):
    - RCT-Folly (= 2021.06.28.00-v2)
    - React-jsi (= 0.69.6-1)
  - React-callinvoker (0.69.6-1)
  - React-Codegen (0.69.6-1):
    - FBReactNativeSpec (= 0.69.6-1)
    - RCT-Folly (= 2021.06.28.00-v2)
    - RCTRequired (= 0.69.6-1)
    - RCTTypeSafety (= 0.69.6-1)
    - React-Core (= 0.69.6-1)
    - React-jsi (= 0.69.6-1)
    - React-jsiexecutor (= 0.69.6-1)
    - ReactCommon/turbomodule/core (= 0.69.6-1)
  - React-Core (0.69.6-1):
    - glog
    - RCT-Folly (= 2021.06.28.00-v2)
    - React-Core/Default (= 0.69.6-1)
    - React-cxxreact (= 0.69.6-1)
    - React-jsi (= 0.69.6-1)
    - React-jsiexecutor (= 0.69.6-1)
    - React-perflogger (= 0.69.6-1)
    - Yoga
  - React-Core/CoreModulesHeaders (0.69.6-1):
    - glog
    - RCT-Folly (= 2021.06.28.00-v2)
    - React-Core/Default
    - React-cxxreact (= 0.69.6-1)
    - React-jsi (= 0.69.6-1)
    - React-jsiexecutor (= 0.69.6-1)
    - React-perflogger (= 0.69.6-1)
    - Yoga
  - React-Core/Default (0.69.6-1):
    - glog
    - RCT-Folly (= 2021.06.28.00-v2)
    - React-cxxreact (= 0.69.6-1)
    - React-jsi (= 0.69.6-1)
    - React-jsiexecutor (= 0.69.6-1)
    - React-perflogger (= 0.69.6-1)
    - Yoga
  - React-Core/DevSupport (0.69.6-1):
    - glog
    - RCT-Folly (= 2021.06.28.00-v2)
    - React-Core/Default (= 0.69.6-1)
    - React-Core/RCTWebSocket (= 0.69.6-1)
    - React-cxxreact (= 0.69.6-1)
    - React-jsi (= 0.69.6-1)
    - React-jsiexecutor (= 0.69.6-1)
    - React-jsinspector (= 0.69.6-1)
    - React-perflogger (= 0.69.6-1)
    - Yoga
  - React-Core/RCTAnimationHeaders (0.69.6-1):
    - glog
    - RCT-Folly (= 2021.06.28.00-v2)
    - React-Core/Default
    - React-cxxreact (= 0.69.6-1)
    - React-jsi (= 0.69.6-1)
    - React-jsiexecutor (= 0.69.6-1)
    - React-perflogger (= 0.69.6-1)
    - Yoga
  - React-Core/RCTBlobHeaders (0.69.6-1):
    - glog
    - RCT-Folly (= 2021.06.28.00-v2)
    - React-Core/Default
    - React-cxxreact (= 0.69.6-1)
    - React-jsi (= 0.69.6-1)
    - React-jsiexecutor (= 0.69.6-1)
    - React-perflogger (= 0.69.6-1)
    - Yoga
  - React-Core/RCTImageHeaders (0.69.6-1):
    - glog
    - RCT-Folly (= 2021.06.28.00-v2)
    - React-Core/Default
    - React-cxxreact (= 0.69.6-1)
    - React-jsi (= 0.69.6-1)
    - React-jsiexecutor (= 0.69.6-1)
    - React-perflogger (= 0.69.6-1)
    - Yoga
  - React-Core/RCTLinkingHeaders (0.69.6-1):
    - glog
    - RCT-Folly (= 2021.06.28.00-v2)
    - React-Core/Default
    - React-cxxreact (= 0.69.6-1)
    - React-jsi (= 0.69.6-1)
    - React-jsiexecutor (= 0.69.6-1)
    - React-perflogger (= 0.69.6-1)
    - Yoga
  - React-Core/RCTNetworkHeaders (0.69.6-1):
    - glog
    - RCT-Folly (= 2021.06.28.00-v2)
    - React-Core/Default
    - React-cxxreact (= 0.69.6-1)
    - React-jsi (= 0.69.6-1)
    - React-jsiexecutor (= 0.69.6-1)
    - React-perflogger (= 0.69.6-1)
    - Yoga
  - React-Core/RCTSettingsHeaders (0.69.6-1):
    - glog
    - RCT-Folly (= 2021.06.28.00-v2)
    - React-Core/Default
    - React-cxxreact (= 0.69.6-1)
    - React-jsi (= 0.69.6-1)
    - React-jsiexecutor (= 0.69.6-1)
    - React-perflogger (= 0.69.6-1)
    - Yoga
  - React-Core/RCTTextHeaders (0.69.6-1):
    - glog
    - RCT-Folly (= 2021.06.28.00-v2)
    - React-Core/Default
    - React-cxxreact (= 0.69.6-1)
    - React-jsi (= 0.69.6-1)
    - React-jsiexecutor (= 0.69.6-1)
    - React-perflogger (= 0.69.6-1)
    - Yoga
  - React-Core/RCTWebSocket (0.69.6-1):
    - glog
    - RCT-Folly (= 2021.06.28.00-v2)
    - React-Core/Default (= 0.69.6-1)
    - React-cxxreact (= 0.69.6-1)
    - React-jsi (= 0.69.6-1)
    - React-jsiexecutor (= 0.69.6-1)
    - React-perflogger (= 0.69.6-1)
    - Yoga
  - React-CoreModules (0.69.6-1):
    - RCT-Folly (= 2021.06.28.00-v2)
    - RCTTypeSafety (= 0.69.6-1)
    - React-Codegen (= 0.69.6-1)
    - React-Core/CoreModulesHeaders (= 0.69.6-1)
    - React-jsi (= 0.69.6-1)
    - React-RCTImage (= 0.69.6-1)
    - ReactCommon/turbomodule/core (= 0.69.6-1)
  - React-cxxreact (0.69.6-1):
    - boost (= 1.76.0)
    - DoubleConversion
    - glog
    - RCT-Folly (= 2021.06.28.00-v2)
    - React-callinvoker (= 0.69.6-1)
    - React-jsi (= 0.69.6-1)
    - React-jsinspector (= 0.69.6-1)
    - React-logger (= 0.69.6-1)
    - React-perflogger (= 0.69.6-1)
    - React-runtimeexecutor (= 0.69.6-1)
  - React-jsi (0.69.6-1):
    - boost (= 1.76.0)
    - DoubleConversion
    - glog
    - RCT-Folly (= 2021.06.28.00-v2)
    - React-jsi/Default (= 0.69.6-1)
  - React-jsi/Default (0.69.6-1):
    - boost (= 1.76.0)
    - DoubleConversion
    - glog
    - RCT-Folly (= 2021.06.28.00-v2)
  - React-jsiexecutor (0.69.6-1):
    - DoubleConversion
    - glog
    - RCT-Folly (= 2021.06.28.00-v2)
    - React-cxxreact (= 0.69.6-1)
    - React-jsi (= 0.69.6-1)
    - React-perflogger (= 0.69.6-1)
  - React-jsinspector (0.69.6-1)
  - React-logger (0.69.6-1):
    - glog
  - react-native-safe-area-context (4.4.1):
    - RCT-Folly
    - RCTRequired
    - RCTTypeSafety
    - React-Core
    - ReactCommon/turbomodule/core
  - React-perflogger (0.69.6-1)
  - React-RCTAnimation (0.69.6-1):
    - RCT-Folly (= 2021.06.28.00-v2)
    - RCTTypeSafety (= 0.69.6-1)
    - React-Codegen (= 0.69.6-1)
    - React-Core/RCTAnimationHeaders (= 0.69.6-1)
    - React-jsi (= 0.69.6-1)
    - ReactCommon/turbomodule/core (= 0.69.6-1)
  - React-RCTBlob (0.69.6-1):
    - RCT-Folly (= 2021.06.28.00-v2)
    - React-Codegen (= 0.69.6-1)
    - React-Core/RCTBlobHeaders (= 0.69.6-1)
    - React-Core/RCTWebSocket (= 0.69.6-1)
    - React-jsi (= 0.69.6-1)
    - React-RCTNetwork (= 0.69.6-1)
    - ReactCommon/turbomodule/core (= 0.69.6-1)
  - React-RCTImage (0.69.6-1):
    - RCT-Folly (= 2021.06.28.00-v2)
    - RCTTypeSafety (= 0.69.6-1)
    - React-Codegen (= 0.69.6-1)
    - React-Core/RCTImageHeaders (= 0.69.6-1)
    - React-jsi (= 0.69.6-1)
    - React-RCTNetwork (= 0.69.6-1)
    - ReactCommon/turbomodule/core (= 0.69.6-1)
  - React-RCTLinking (0.69.6-1):
    - React-Codegen (= 0.69.6-1)
    - React-Core/RCTLinkingHeaders (= 0.69.6-1)
    - React-jsi (= 0.69.6-1)
    - ReactCommon/turbomodule/core (= 0.69.6-1)
  - React-RCTNetwork (0.69.6-1):
    - RCT-Folly (= 2021.06.28.00-v2)
    - RCTTypeSafety (= 0.69.6-1)
    - React-Codegen (= 0.69.6-1)
    - React-Core/RCTNetworkHeaders (= 0.69.6-1)
    - React-jsi (= 0.69.6-1)
    - ReactCommon/turbomodule/core (= 0.69.6-1)
  - React-RCTSettings (0.69.6-1):
    - RCT-Folly (= 2021.06.28.00-v2)
    - RCTTypeSafety (= 0.69.6-1)
    - React-Codegen (= 0.69.6-1)
    - React-Core/RCTSettingsHeaders (= 0.69.6-1)
    - React-jsi (= 0.69.6-1)
    - ReactCommon/turbomodule/core (= 0.69.6-1)
  - React-RCTText (0.69.6-1):
    - React-Core/RCTTextHeaders (= 0.69.6-1)
  - React-runtimeexecutor (0.69.6-1):
    - React-jsi (= 0.69.6-1)
  - ReactCommon/turbomodule/core (0.69.6-1):
    - DoubleConversion
    - glog
    - RCT-Folly (= 2021.06.28.00-v2)
    - React-bridging (= 0.69.6-1)
    - React-callinvoker (= 0.69.6-1)
    - React-Core (= 0.69.6-1)
    - React-cxxreact (= 0.69.6-1)
    - React-jsi (= 0.69.6-1)
    - React-logger (= 0.69.6-1)
    - React-perflogger (= 0.69.6-1)
  - RNCMaskedView (0.1.11):
    - React
  - RNGestureHandler (2.8.0):
    - React-Core
  - RNReanimated (2.9.1):
    - DoubleConversion
    - FBLazyVector
    - FBReactNativeSpec
    - glog
    - RCT-Folly
    - RCTRequired
    - RCTTypeSafety
    - React-callinvoker
    - React-Core
    - React-Core/DevSupport
    - React-Core/RCTWebSocket
    - React-CoreModules
    - React-cxxreact
    - React-jsi
    - React-jsiexecutor
    - React-jsinspector
    - React-RCTAnimation
    - React-RCTBlob
    - React-RCTImage
    - React-RCTLinking
    - React-RCTNetwork
    - React-RCTSettings
    - React-RCTText
    - ReactCommon/turbomodule/core
    - Yoga
  - RNScreens (3.18.2):
    - React-Core
    - React-RCTImage
  - RNSVG (12.5.0):
    - React-Core
  - Yoga (1.14.0)

DEPENDENCIES:
  - boost (from `../node_modules/react-native/third-party-podspecs/boost.podspec`)
  - DoubleConversion (from `../node_modules/react-native/third-party-podspecs/DoubleConversion.podspec`)
  - FBLazyVector (from `../node_modules/react-native/Libraries/FBLazyVector`)
  - FBReactNativeSpec (from `../node_modules/react-native/React/FBReactNativeSpec`)
  - fmt (from `../node_modules/react-native/third-party-podspecs/fmt.podspec`)
  - glog (from `../node_modules/react-native/third-party-podspecs/glog.podspec`)
  - RCT-Folly (from `../node_modules/react-native/third-party-podspecs/RCT-Folly.podspec`)
  - RCTRequired (from `../node_modules/react-native/Libraries/RCTRequired`)
  - RCTTypeSafety (from `../node_modules/react-native/Libraries/TypeSafety`)
  - React (from `../node_modules/react-native/`)
  - React-bridging (from `../node_modules/react-native/ReactCommon`)
  - React-callinvoker (from `../node_modules/react-native/ReactCommon/callinvoker`)
  - React-Codegen (from `build/generated/ios`)
  - React-Core (from `../node_modules/react-native/`)
  - React-Core/RCTWebSocket (from `../node_modules/react-native/`)
  - React-CoreModules (from `../node_modules/react-native/React/CoreModules`)
  - React-cxxreact (from `../node_modules/react-native/ReactCommon/cxxreact`)
  - React-jsi (from `../node_modules/react-native/ReactCommon/jsi`)
  - React-jsiexecutor (from `../node_modules/react-native/ReactCommon/jsiexecutor`)
  - React-jsinspector (from `../node_modules/react-native/ReactCommon/jsinspector`)
  - React-logger (from `../node_modules/react-native/ReactCommon/logger`)
  - react-native-safe-area-context (from `../node_modules/react-native-safe-area-context`)
  - React-perflogger (from `../node_modules/react-native/ReactCommon/reactperflogger`)
  - React-RCTAnimation (from `../node_modules/react-native/Libraries/NativeAnimation`)
  - React-RCTBlob (from `../node_modules/react-native/Libraries/Blob`)
  - React-RCTImage (from `../node_modules/react-native/Libraries/Image`)
  - React-RCTLinking (from `../node_modules/react-native/Libraries/LinkingIOS`)
  - React-RCTNetwork (from `../node_modules/react-native/Libraries/Network`)
  - React-RCTSettings (from `../node_modules/react-native/Libraries/Settings`)
  - React-RCTText (from `../node_modules/react-native/Libraries/Text`)
  - React-runtimeexecutor (from `../node_modules/react-native/ReactCommon/runtimeexecutor`)
  - ReactCommon/turbomodule/core (from `../node_modules/react-native/ReactCommon`)
  - "RNCMaskedView (from `../node_modules/@react-native-community/masked-view`)"
  - RNGestureHandler (from `../node_modules/react-native-gesture-handler`)
  - RNReanimated (from `../node_modules/react-native-reanimated`)
  - RNScreens (from `../node_modules/react-native-screens`)
  - RNSVG (from `../node_modules/react-native-svg`)
  - Yoga (from `../node_modules/react-native/ReactCommon/yoga`)

EXTERNAL SOURCES:
  boost:
    :podspec: "../node_modules/react-native/third-party-podspecs/boost.podspec"
  DoubleConversion:
    :podspec: "../node_modules/react-native/third-party-podspecs/DoubleConversion.podspec"
  FBLazyVector:
    :path: "../node_modules/react-native/Libraries/FBLazyVector"
  FBReactNativeSpec:
    :path: "../node_modules/react-native/React/FBReactNativeSpec"
  fmt:
    :podspec: "../node_modules/react-native/third-party-podspecs/fmt.podspec"
  glog:
    :podspec: "../node_modules/react-native/third-party-podspecs/glog.podspec"
  RCT-Folly:
    :podspec: "../node_modules/react-native/third-party-podspecs/RCT-Folly.podspec"
  RCTRequired:
    :path: "../node_modules/react-native/Libraries/RCTRequired"
  RCTTypeSafety:
    :path: "../node_modules/react-native/Libraries/TypeSafety"
  React:
    :path: "../node_modules/react-native/"
  React-bridging:
    :path: "../node_modules/react-native/ReactCommon"
  React-callinvoker:
    :path: "../node_modules/react-native/ReactCommon/callinvoker"
  React-Codegen:
    :path: build/generated/ios
  React-Core:
    :path: "../node_modules/react-native/"
  React-CoreModules:
    :path: "../node_modules/react-native/React/CoreModules"
  React-cxxreact:
    :path: "../node_modules/react-native/ReactCommon/cxxreact"
  React-jsi:
    :path: "../node_modules/react-native/ReactCommon/jsi"
  React-jsiexecutor:
    :path: "../node_modules/react-native/ReactCommon/jsiexecutor"
  React-jsinspector:
    :path: "../node_modules/react-native/ReactCommon/jsinspector"
  React-logger:
    :path: "../node_modules/react-native/ReactCommon/logger"
  react-native-safe-area-context:
    :path: "../node_modules/react-native-safe-area-context"
  React-perflogger:
    :path: "../node_modules/react-native/ReactCommon/reactperflogger"
  React-RCTAnimation:
    :path: "../node_modules/react-native/Libraries/NativeAnimation"
  React-RCTBlob:
    :path: "../node_modules/react-native/Libraries/Blob"
  React-RCTImage:
    :path: "../node_modules/react-native/Libraries/Image"
  React-RCTLinking:
    :path: "../node_modules/react-native/Libraries/LinkingIOS"
  React-RCTNetwork:
    :path: "../node_modules/react-native/Libraries/Network"
  React-RCTSettings:
    :path: "../node_modules/react-native/Libraries/Settings"
  React-RCTText:
    :path: "../node_modules/react-native/Libraries/Text"
  React-runtimeexecutor:
    :path: "../node_modules/react-native/ReactCommon/runtimeexecutor"
  ReactCommon:
    :path: "../node_modules/react-native/ReactCommon"
  RNCMaskedView:
    :path: "../node_modules/@react-native-community/masked-view"
  RNGestureHandler:
    :path: "../node_modules/react-native-gesture-handler"
  RNReanimated:
    :path: "../node_modules/react-native-reanimated"
  RNScreens:
    :path: "../node_modules/react-native-screens"
  RNSVG:
    :path: "../node_modules/react-native-svg"
  Yoga:
    :path: "../node_modules/react-native/ReactCommon/yoga"

SPEC CHECKSUMS:
  boost: a7c83b31436843459a1961bfd74b96033dc77234
  DoubleConversion: 234abba95e31cc2aada0cf3b97cdb11bc5b90575
  FBLazyVector: 592fb7233ee75aab8ff5ea9333dcb27af5c30e3b
  FBReactNativeSpec: 2eba37b606490871d8bff4abde97506d83396f13
  fmt: 135c0c55547979f715b56dfa54037ececa96d07a
  glog: bac6d5aa2990176cc22d0432fb3e28805d580aeb
  RCT-Folly: 6955e7728b76277c5df5a5aba37ee1ff1dd99976
  RCTRequired: 21cd38713c77cdb10a1adeb6493e1efbe2d07618
  RCTTypeSafety: 963eaf8c7c7e2e26a24fa2ba2053d95a75f187fa
  React: d483251342c66fa547547074aa13fa7770cbba7f
  React-bridging: 29dfa8b698801730c4f096c1beb511abc0e0a744
  React-callinvoker: 31081d7dfd511ae2b8dc31424bc80c59a63e4e20
  React-Codegen: 26f890811b2701800848c1e7bb91849b37106eb4
  React-Core: 55dba080d36f4a7f54c90fc0132b0989aaf16642
  React-CoreModules: c388a1f10cc913587f9c8f3dfe8f29043941ad4d
  React-cxxreact: 6f16dd0f39064a658e651f5b2e696da73245fd2d
  React-jsi: b428c99643b894c0b07c1b65f63a16e363897f2e
  React-jsiexecutor: b71f653af59a093f858b96d0195526ebd6cecccc
  React-jsinspector: 2b65000c70515b8668306c65d40a443fcb39580e
  React-logger: fb5fe0a408e6fdaeeed56b8b8c46f72df4ce1eb9
  react-native-safe-area-context: 99b24a0c5acd0d5dcac2b1a7f18c49ea317be99a
  React-perflogger: 5ba9671854f1930c00aa318f51385893feb01720
  React-RCTAnimation: 469308af6e18a1af4aa32abf0fb1cc9fa6e0827a
  React-RCTBlob: 32de286507a3df2792dd286fb27b0ce1e4bc2f46
  React-RCTImage: fdc2e665dae8541b57e35b9717290d96aa913acb
  React-RCTLinking: 90b5a67b0045fa891c12cd3e83d51f0fefd3652e
  React-RCTNetwork: 30f68dbd4991877af169baf5d7ee7eb6fb374582
  React-RCTSettings: bbb97e2efd812d2ea1bdb686f915dbbda48460a3
  React-RCTText: 7ef185d3415e9a3926518346af267556b30c03f2
  React-runtimeexecutor: d04c94e0c528bc5cac55ed94f8822bbf9ef94a3b
  ReactCommon: c7e1e27cf1da5e8d1201edcf3afc2e24566c5038
  RNCMaskedView: 0e1bc4bfa8365eba5fbbb71e07fbdc0555249489
  RNGestureHandler: 62232ba8f562f7dea5ba1b3383494eb5bf97a4d3
  RNReanimated: 7c32ae05f56a792ee9b88687aef98d4ce1c1d381
  RNScreens: 34cc502acf1b916c582c60003dc3089fa01dc66d
  RNSVG: 6adc5c52d2488a476248413064b7f2832e639057
  Yoga: b46158abe1228aa7d4658514f2155ece68bd309e

PODFILE CHECKSUM: c10392ff4467abfe1d754fb61610525151592dd6

COCOAPODS: 1.11.3
