PODS:
  - boost (1.76.0)
  - DoubleConversion (1.1.6)
  - FBLazyVector (0.71.8-0rc4)
  - FBReactNativeSpec (0.71.8-0rc4):
    - RCT-Folly (= 2021.07.22.00)
    - RCTRequired (= 0.71.8-0rc4)
    - RCTTypeSafety (= 0.71.8-0rc4)
    - React-Core (= 0.71.8-0rc4)
    - React-jsi (= 0.71.8-0rc4)
    - ReactCommon/turbomodule/core (= 0.71.8-0rc4)
  - fmt (7.1.3)
  - glog (0.3.5)
  - hermes-engine (0.71.8-0rc4):
    - hermes-engine/Pre-built (= 0.71.8-0rc4)
  - hermes-engine/Pre-built (0.71.8-0rc4)
  - libevent (2.1.12.1)
  - RCT-Folly (2021.07.22.00):
    - boost
    - DoubleConversion
    - fmt
    - glog
    - RCT-Folly/Default (= 2021.07.22.00)
  - RCT-Folly/Default (2021.07.22.00):
    - boost
    - DoubleConversion
    - fmt
    - glog
  - RCT-Folly/Futures (2021.07.22.00):
    - boost
    - DoubleConversion
    - fmt
    - glog
    - libevent
  - RCTRequired (0.71.8-0rc4)
  - RCTTypeSafety (0.71.8-0rc4):
    - FBLazyVector (= 0.71.8-0rc4)
    - RCTRequired (= 0.71.8-0rc4)
    - React-Core (= 0.71.8-0rc4)
  - React (0.71.8-0rc4):
    - React-Core (= 0.71.8-0rc4)
    - React-Core/DevSupport (= 0.71.8-0rc4)
    - React-Core/RCTWebSocket (= 0.71.8-0rc4)
    - React-RCTAnimation (= 0.71.8-0rc4)
    - React-RCTBlob (= 0.71.8-0rc4)
    - React-RCTImage (= 0.71.8-0rc4)
    - React-RCTLinking (= 0.71.8-0rc4)
    - React-RCTNetwork (= 0.71.8-0rc4)
    - React-RCTSettings (= 0.71.8-0rc4)
    - React-RCTText (= 0.71.8-0rc4)
  - React-callinvoker (0.71.8-0rc4)
  - React-Codegen (0.71.8-0rc4):
    - FBReactNativeSpec
    - hermes-engine
    - RCT-Folly
    - RCTRequired
    - RCTTypeSafety
    - React-Core
    - React-jsi
    - React-jsiexecutor
    - ReactCommon/turbomodule/bridging
    - ReactCommon/turbomodule/core
  - React-Core (0.71.8-0rc4):
    - glog
    - hermes-engine
    - RCT-Folly (= 2021.07.22.00)
    - React-Core/Default (= 0.71.8-0rc4)
    - React-cxxreact (= 0.71.8-0rc4)
    - React-hermes
    - React-jsi (= 0.71.8-0rc4)
    - React-jsiexecutor (= 0.71.8-0rc4)
    - React-perflogger (= 0.71.8-0rc4)
    - Yoga
  - React-Core/CoreModulesHeaders (0.71.8-0rc4):
    - glog
    - hermes-engine
    - RCT-Folly (= 2021.07.22.00)
    - React-Core/Default
    - React-cxxreact (= 0.71.8-0rc4)
    - React-hermes
    - React-jsi (= 0.71.8-0rc4)
    - React-jsiexecutor (= 0.71.8-0rc4)
    - React-perflogger (= 0.71.8-0rc4)
    - Yoga
  - React-Core/Default (0.71.8-0rc4):
    - glog
    - hermes-engine
    - RCT-Folly (= 2021.07.22.00)
    - React-cxxreact (= 0.71.8-0rc4)
    - React-hermes
    - React-jsi (= 0.71.8-0rc4)
    - React-jsiexecutor (= 0.71.8-0rc4)
    - React-perflogger (= 0.71.8-0rc4)
    - Yoga
  - React-Core/DevSupport (0.71.8-0rc4):
    - glog
    - hermes-engine
    - RCT-Folly (= 2021.07.22.00)
    - React-Core/Default (= 0.71.8-0rc4)
    - React-Core/RCTWebSocket (= 0.71.8-0rc4)
    - React-cxxreact (= 0.71.8-0rc4)
    - React-hermes
    - React-jsi (= 0.71.8-0rc4)
    - React-jsiexecutor (= 0.71.8-0rc4)
    - React-jsinspector (= 0.71.8-0rc4)
    - React-perflogger (= 0.71.8-0rc4)
    - Yoga
  - React-Core/RCTActionSheetHeaders (0.71.8-0rc4):
    - glog
    - hermes-engine
    - RCT-Folly (= 2021.07.22.00)
    - React-Core/Default
    - React-cxxreact (= 0.71.8-0rc4)
    - React-hermes
    - React-jsi (= 0.71.8-0rc4)
    - React-jsiexecutor (= 0.71.8-0rc4)
    - React-perflogger (= 0.71.8-0rc4)
    - Yoga
  - React-Core/RCTAnimationHeaders (0.71.8-0rc4):
    - glog
    - hermes-engine
    - RCT-Folly (= 2021.07.22.00)
    - React-Core/Default
    - React-cxxreact (= 0.71.8-0rc4)
    - React-hermes
    - React-jsi (= 0.71.8-0rc4)
    - React-jsiexecutor (= 0.71.8-0rc4)
    - React-perflogger (= 0.71.8-0rc4)
    - Yoga
  - React-Core/RCTBlobHeaders (0.71.8-0rc4):
    - glog
    - hermes-engine
    - RCT-Folly (= 2021.07.22.00)
    - React-Core/Default
    - React-cxxreact (= 0.71.8-0rc4)
    - React-hermes
    - React-jsi (= 0.71.8-0rc4)
    - React-jsiexecutor (= 0.71.8-0rc4)
    - React-perflogger (= 0.71.8-0rc4)
    - Yoga
  - React-Core/RCTImageHeaders (0.71.8-0rc4):
    - glog
    - hermes-engine
    - RCT-Folly (= 2021.07.22.00)
    - React-Core/Default
    - React-cxxreact (= 0.71.8-0rc4)
    - React-hermes
    - React-jsi (= 0.71.8-0rc4)
    - React-jsiexecutor (= 0.71.8-0rc4)
    - React-perflogger (= 0.71.8-0rc4)
    - Yoga
  - React-Core/RCTLinkingHeaders (0.71.8-0rc4):
    - glog
    - hermes-engine
    - RCT-Folly (= 2021.07.22.00)
    - React-Core/Default
    - React-cxxreact (= 0.71.8-0rc4)
    - React-hermes
    - React-jsi (= 0.71.8-0rc4)
    - React-jsiexecutor (= 0.71.8-0rc4)
    - React-perflogger (= 0.71.8-0rc4)
    - Yoga
  - React-Core/RCTNetworkHeaders (0.71.8-0rc4):
    - glog
    - hermes-engine
    - RCT-Folly (= 2021.07.22.00)
    - React-Core/Default
    - React-cxxreact (= 0.71.8-0rc4)
    - React-hermes
    - React-jsi (= 0.71.8-0rc4)
    - React-jsiexecutor (= 0.71.8-0rc4)
    - React-perflogger (= 0.71.8-0rc4)
    - Yoga
  - React-Core/RCTSettingsHeaders (0.71.8-0rc4):
    - glog
    - hermes-engine
    - RCT-Folly (= 2021.07.22.00)
    - React-Core/Default
    - React-cxxreact (= 0.71.8-0rc4)
    - React-hermes
    - React-jsi (= 0.71.8-0rc4)
    - React-jsiexecutor (= 0.71.8-0rc4)
    - React-perflogger (= 0.71.8-0rc4)
    - Yoga
  - React-Core/RCTTextHeaders (0.71.8-0rc4):
    - glog
    - hermes-engine
    - RCT-Folly (= 2021.07.22.00)
    - React-Core/Default
    - React-cxxreact (= 0.71.8-0rc4)
    - React-hermes
    - React-jsi (= 0.71.8-0rc4)
    - React-jsiexecutor (= 0.71.8-0rc4)
    - React-perflogger (= 0.71.8-0rc4)
    - Yoga
  - React-Core/RCTWebSocket (0.71.8-0rc4):
    - glog
    - hermes-engine
    - RCT-Folly (= 2021.07.22.00)
    - React-Core/Default (= 0.71.8-0rc4)
    - React-cxxreact (= 0.71.8-0rc4)
    - React-hermes
    - React-jsi (= 0.71.8-0rc4)
    - React-jsiexecutor (= 0.71.8-0rc4)
    - React-perflogger (= 0.71.8-0rc4)
    - Yoga
  - React-CoreModules (0.71.8-0rc4):
    - RCT-Folly (= 2021.07.22.00)
    - RCTTypeSafety (= 0.71.8-0rc4)
    - React-Codegen (= 0.71.8-0rc4)
    - React-Core/CoreModulesHeaders (= 0.71.8-0rc4)
    - React-jsi (= 0.71.8-0rc4)
    - React-RCTBlob
    - React-RCTImage (= 0.71.8-0rc4)
    - ReactCommon/turbomodule/core (= 0.71.8-0rc4)
  - React-cxxreact (0.71.8-0rc4):
    - boost (= 1.76.0)
    - DoubleConversion
    - glog
    - hermes-engine
    - RCT-Folly (= 2021.07.22.00)
    - React-callinvoker (= 0.71.8-0rc4)
    - React-jsi (= 0.71.8-0rc4)
    - React-jsinspector (= 0.71.8-0rc4)
    - React-logger (= 0.71.8-0rc4)
    - React-perflogger (= 0.71.8-0rc4)
    - React-runtimeexecutor (= 0.71.8-0rc4)
  - React-hermes (0.71.8-0rc4):
    - DoubleConversion
    - glog
    - hermes-engine
    - RCT-Folly (= 2021.07.22.00)
    - RCT-Folly/Futures (= 2021.07.22.00)
    - React-cxxreact (= 0.71.8-0rc4)
    - React-jsi
    - React-jsiexecutor (= 0.71.8-0rc4)
    - React-jsinspector (= 0.71.8-0rc4)
    - React-perflogger (= 0.71.8-0rc4)
  - React-jsi (0.71.8-0rc4):
    - boost (= 1.76.0)
    - DoubleConversion
    - glog
    - hermes-engine
    - RCT-Folly (= 2021.07.22.00)
  - React-jsiexecutor (0.71.8-0rc4):
    - DoubleConversion
    - glog
    - hermes-engine
    - RCT-Folly (= 2021.07.22.00)
    - React-cxxreact (= 0.71.8-0rc4)
    - React-jsi (= 0.71.8-0rc4)
    - React-perflogger (= 0.71.8-0rc4)
  - React-jsinspector (0.71.8-0rc4)
  - React-logger (0.71.8-0rc4):
    - glog
  - react-native-safe-area-context (4.5.3):
    - RCT-Folly
    - RCTRequired
    - RCTTypeSafety
    - React-Core
    - ReactCommon/turbomodule/core
  - React-perflogger (0.71.8-0rc4)
  - React-RCTActionSheet (0.71.8-0rc4):
    - React-Core/RCTActionSheetHeaders (= 0.71.8-0rc4)
  - React-RCTAnimation (0.71.8-0rc4):
    - RCT-Folly (= 2021.07.22.00)
    - RCTTypeSafety (= 0.71.8-0rc4)
    - React-Codegen (= 0.71.8-0rc4)
    - React-Core/RCTAnimationHeaders (= 0.71.8-0rc4)
    - React-jsi (= 0.71.8-0rc4)
    - ReactCommon/turbomodule/core (= 0.71.8-0rc4)
  - React-RCTAppDelegate (0.71.8-0rc4):
    - RCT-Folly
    - RCTRequired
    - RCTTypeSafety
    - React-Core
    - ReactCommon/turbomodule/core
  - React-RCTBlob (0.71.8-0rc4):
    - hermes-engine
    - RCT-Folly (= 2021.07.22.00)
    - React-Codegen (= 0.71.8-0rc4)
    - React-Core/RCTBlobHeaders (= 0.71.8-0rc4)
    - React-Core/RCTWebSocket (= 0.71.8-0rc4)
    - React-jsi (= 0.71.8-0rc4)
    - React-RCTNetwork (= 0.71.8-0rc4)
    - ReactCommon/turbomodule/core (= 0.71.8-0rc4)
  - React-RCTImage (0.71.8-0rc4):
    - RCT-Folly (= 2021.07.22.00)
    - RCTTypeSafety (= 0.71.8-0rc4)
    - React-Codegen (= 0.71.8-0rc4)
    - React-Core/RCTImageHeaders (= 0.71.8-0rc4)
    - React-jsi (= 0.71.8-0rc4)
    - React-RCTNetwork (= 0.71.8-0rc4)
    - ReactCommon/turbomodule/core (= 0.71.8-0rc4)
  - React-RCTLinking (0.71.8-0rc4):
    - React-Codegen (= 0.71.8-0rc4)
    - React-Core/RCTLinkingHeaders (= 0.71.8-0rc4)
    - React-jsi (= 0.71.8-0rc4)
    - ReactCommon/turbomodule/core (= 0.71.8-0rc4)
  - React-RCTNetwork (0.71.8-0rc4):
    - RCT-Folly (= 2021.07.22.00)
    - RCTTypeSafety (= 0.71.8-0rc4)
    - React-Codegen (= 0.71.8-0rc4)
    - React-Core/RCTNetworkHeaders (= 0.71.8-0rc4)
    - React-jsi (= 0.71.8-0rc4)
    - ReactCommon/turbomodule/core (= 0.71.8-0rc4)
  - React-RCTSettings (0.71.8-0rc4):
    - RCT-Folly (= 2021.07.22.00)
    - RCTTypeSafety (= 0.71.8-0rc4)
    - React-Codegen (= 0.71.8-0rc4)
    - React-Core/RCTSettingsHeaders (= 0.71.8-0rc4)
    - React-jsi (= 0.71.8-0rc4)
    - ReactCommon/turbomodule/core (= 0.71.8-0rc4)
  - React-RCTText (0.71.8-0rc4):
    - React-Core/RCTTextHeaders (= 0.71.8-0rc4)
  - React-runtimeexecutor (0.71.8-0rc4):
    - React-jsi (= 0.71.8-0rc4)
  - ReactCommon/turbomodule/bridging (0.71.8-0rc4):
    - DoubleConversion
    - glog
    - hermes-engine
    - RCT-Folly (= 2021.07.22.00)
    - React-callinvoker (= 0.71.8-0rc4)
    - React-Core (= 0.71.8-0rc4)
    - React-cxxreact (= 0.71.8-0rc4)
    - React-jsi (= 0.71.8-0rc4)
    - React-logger (= 0.71.8-0rc4)
    - React-perflogger (= 0.71.8-0rc4)
  - ReactCommon/turbomodule/core (0.71.8-0rc4):
    - DoubleConversion
    - glog
    - hermes-engine
    - RCT-Folly (= 2021.07.22.00)
    - React-callinvoker (= 0.71.8-0rc4)
    - React-Core (= 0.71.8-0rc4)
    - React-cxxreact (= 0.71.8-0rc4)
    - React-jsi (= 0.71.8-0rc4)
    - React-logger (= 0.71.8-0rc4)
    - React-perflogger (= 0.71.8-0rc4)
  - RNCMaskedView (0.1.11):
    - React
  - RNGestureHandler (2.10.1):
    - React-Core
  - RNReanimated (3.0.1):
    - DoubleConversion
    - FBLazyVector
    - FBReactNativeSpec
    - glog
    - RCT-Folly
    - RCTRequired
    - RCTTypeSafety
    - React-callinvoker
    - React-Core
    - React-Core/DevSupport
    - React-Core/RCTWebSocket
    - React-CoreModules
    - React-cxxreact
    - React-jsi
    - React-jsiexecutor
    - React-jsinspector
    - React-RCTAnimation
    - React-RCTBlob
    - React-RCTImage
    - React-RCTLinking
    - React-RCTNetwork
    - React-RCTSettings
    - React-RCTText
    - ReactCommon/turbomodule/core
    - Yoga
  - RNScreens (3.20.0):
    - React-Core
    - React-RCTImage
  - RNSVG (13.9.0):
    - React-Core
  - Yoga (1.14.0)

DEPENDENCIES:
  - boost (from `../node_modules/react-native/third-party-podspecs/boost.podspec`)
  - DoubleConversion (from `../node_modules/react-native/third-party-podspecs/DoubleConversion.podspec`)
  - FBLazyVector (from `../node_modules/react-native/Libraries/FBLazyVector`)
  - FBReactNativeSpec (from `../node_modules/react-native/React/FBReactNativeSpec`)
  - fmt (from `../node_modules/react-native/third-party-podspecs/fmt.podspec`)
  - glog (from `../node_modules/react-native/third-party-podspecs/glog.podspec`)
  - hermes-engine (from `../node_modules/react-native/sdks/hermes-engine/hermes-engine.podspec`)
  - libevent (~> 2.1.12)
  - RCT-Folly (from `../node_modules/react-native/third-party-podspecs/RCT-Folly.podspec`)
  - RCTRequired (from `../node_modules/react-native/Libraries/RCTRequired`)
  - RCTTypeSafety (from `../node_modules/react-native/Libraries/TypeSafety`)
  - React (from `../node_modules/react-native/`)
  - React-callinvoker (from `../node_modules/react-native/ReactCommon/callinvoker`)
  - React-Codegen (from `build/generated/ios`)
  - React-Core (from `../node_modules/react-native/`)
  - React-Core/RCTWebSocket (from `../node_modules/react-native/`)
  - React-CoreModules (from `../node_modules/react-native/React/CoreModules`)
  - React-cxxreact (from `../node_modules/react-native/ReactCommon/cxxreact`)
  - React-hermes (from `../node_modules/react-native/ReactCommon/hermes`)
  - React-jsi (from `../node_modules/react-native/ReactCommon/jsi`)
  - React-jsiexecutor (from `../node_modules/react-native/ReactCommon/jsiexecutor`)
  - React-jsinspector (from `../node_modules/react-native/ReactCommon/jsinspector`)
  - React-logger (from `../node_modules/react-native/ReactCommon/logger`)
  - react-native-safe-area-context (from `../node_modules/react-native-safe-area-context`)
  - React-perflogger (from `../node_modules/react-native/ReactCommon/reactperflogger`)
  - React-RCTActionSheet (from `../node_modules/react-native/Libraries/ActionSheetIOS`)
  - React-RCTAnimation (from `../node_modules/react-native/Libraries/NativeAnimation`)
  - React-RCTAppDelegate (from `../node_modules/react-native/Libraries/AppDelegate`)
  - React-RCTBlob (from `../node_modules/react-native/Libraries/Blob`)
  - React-RCTImage (from `../node_modules/react-native/Libraries/Image`)
  - React-RCTLinking (from `../node_modules/react-native/Libraries/LinkingIOS`)
  - React-RCTNetwork (from `../node_modules/react-native/Libraries/Network`)
  - React-RCTSettings (from `../node_modules/react-native/Libraries/Settings`)
  - React-RCTText (from `../node_modules/react-native/Libraries/Text`)
  - React-runtimeexecutor (from `../node_modules/react-native/ReactCommon/runtimeexecutor`)
  - ReactCommon/turbomodule/core (from `../node_modules/react-native/ReactCommon`)
  - "RNCMaskedView (from `../node_modules/@react-native-community/masked-view`)"
  - RNGestureHandler (from `../node_modules/react-native-gesture-handler`)
  - RNReanimated (from `../node_modules/react-native-reanimated`)
  - RNScreens (from `../node_modules/react-native-screens`)
  - RNSVG (from `../node_modules/react-native-svg`)
  - Yoga (from `../node_modules/react-native/ReactCommon/yoga`)

SPEC REPOS:
  https://github.com/react-native-tvos/react-native-tvos-podspecs.git:
    - libevent

EXTERNAL SOURCES:
  boost:
    :podspec: "../node_modules/react-native/third-party-podspecs/boost.podspec"
  DoubleConversion:
    :podspec: "../node_modules/react-native/third-party-podspecs/DoubleConversion.podspec"
  FBLazyVector:
    :path: "../node_modules/react-native/Libraries/FBLazyVector"
  FBReactNativeSpec:
    :path: "../node_modules/react-native/React/FBReactNativeSpec"
  fmt:
    :podspec: "../node_modules/react-native/third-party-podspecs/fmt.podspec"
  glog:
    :podspec: "../node_modules/react-native/third-party-podspecs/glog.podspec"
  hermes-engine:
    :podspec: "../node_modules/react-native/sdks/hermes-engine/hermes-engine.podspec"
  RCT-Folly:
    :podspec: "../node_modules/react-native/third-party-podspecs/RCT-Folly.podspec"
  RCTRequired:
    :path: "../node_modules/react-native/Libraries/RCTRequired"
  RCTTypeSafety:
    :path: "../node_modules/react-native/Libraries/TypeSafety"
  React:
    :path: "../node_modules/react-native/"
  React-callinvoker:
    :path: "../node_modules/react-native/ReactCommon/callinvoker"
  React-Codegen:
    :path: build/generated/ios
  React-Core:
    :path: "../node_modules/react-native/"
  React-CoreModules:
    :path: "../node_modules/react-native/React/CoreModules"
  React-cxxreact:
    :path: "../node_modules/react-native/ReactCommon/cxxreact"
  React-hermes:
    :path: "../node_modules/react-native/ReactCommon/hermes"
  React-jsi:
    :path: "../node_modules/react-native/ReactCommon/jsi"
  React-jsiexecutor:
    :path: "../node_modules/react-native/ReactCommon/jsiexecutor"
  React-jsinspector:
    :path: "../node_modules/react-native/ReactCommon/jsinspector"
  React-logger:
    :path: "../node_modules/react-native/ReactCommon/logger"
  react-native-safe-area-context:
    :path: "../node_modules/react-native-safe-area-context"
  React-perflogger:
    :path: "../node_modules/react-native/ReactCommon/reactperflogger"
  React-RCTActionSheet:
    :path: "../node_modules/react-native/Libraries/ActionSheetIOS"
  React-RCTAnimation:
    :path: "../node_modules/react-native/Libraries/NativeAnimation"
  React-RCTAppDelegate:
    :path: "../node_modules/react-native/Libraries/AppDelegate"
  React-RCTBlob:
    :path: "../node_modules/react-native/Libraries/Blob"
  React-RCTImage:
    :path: "../node_modules/react-native/Libraries/Image"
  React-RCTLinking:
    :path: "../node_modules/react-native/Libraries/LinkingIOS"
  React-RCTNetwork:
    :path: "../node_modules/react-native/Libraries/Network"
  React-RCTSettings:
    :path: "../node_modules/react-native/Libraries/Settings"
  React-RCTText:
    :path: "../node_modules/react-native/Libraries/Text"
  React-runtimeexecutor:
    :path: "../node_modules/react-native/ReactCommon/runtimeexecutor"
  ReactCommon:
    :path: "../node_modules/react-native/ReactCommon"
  RNCMaskedView:
    :path: "../node_modules/@react-native-community/masked-view"
  RNGestureHandler:
    :path: "../node_modules/react-native-gesture-handler"
  RNReanimated:
    :path: "../node_modules/react-native-reanimated"
  RNScreens:
    :path: "../node_modules/react-native-screens"
  RNSVG:
    :path: "../node_modules/react-native-svg"
  Yoga:
    :path: "../node_modules/react-native/ReactCommon/yoga"

SPEC CHECKSUMS:
  boost: 0ed1b9a58a27b2f7885dc9f279bc3b341f44512b
  DoubleConversion: 234abba95e31cc2aada0cf3b97cdb11bc5b90575
  FBLazyVector: 013aacf9d13846817e7af7a707db7b5f665df1d9
  FBReactNativeSpec: d66f3c432f2a4c7e3ae91749551b9c04e892f529
  fmt: 135c0c55547979f715b56dfa54037ececa96d07a
  glog: a2ded9bf28f0cb2fce90ad21eb419299a500ff6c
  hermes-engine: e188b1d955e9a5ddb25db8026e9259eb0d7e14d1
  libevent: a6d75fcd7be07cbc5070300ea8dbc8d55dfab88e
  RCT-Folly: 136e9161a833a162fe3e8b647098759aae227036
  RCTRequired: a56a55b638a80817aaeeac4d74e401969ccca6b1
  RCTTypeSafety: 9508361425f8a030801dad73b8d93d9788d44c79
  React: 57865f8ff31ea8d331624eafedda324760a8a39e
  React-callinvoker: c6df2488a6b3fa0bac88bcb888acd9a61119008d
  React-Codegen: 189e794a6c0010a4755812a10e4529d986c314ad
  React-Core: bc8153186405368c227d01d8b613ecfe069031ae
  React-CoreModules: 24598c45d582540e450c24c0709dedcb8b188715
  React-cxxreact: 9c21fd49e72fa9b037d4ceef3f8bbf1eec57f5cb
  React-hermes: 41011b15cd42a9c77e7bf02e8e5142fd9956e8f0
  React-jsi: dc9fce74373ebf9b91e8d46f1f40da1cd3033ada
  React-jsiexecutor: 042f552fa088726e0c93c76cbcf686dc8fe141d2
  React-jsinspector: 9012f060d844f705ee3b15a260e5958b6177b185
  React-logger: 774afd53f9fd7cd7f1d5850b968c68581bc66e69
  react-native-safe-area-context: bc7baa4406c0a1538c877e369144de2239764352
  React-perflogger: 8d9d66fd7b83b28d3e630b1b4367ae4f97d93757
  React-RCTActionSheet: dccea0c0e2fdb5f611068d41f7d3d9d5f4ecaf64
  React-RCTAnimation: 830afba55878e08f4b187bb6d8e23aac14781cfd
  React-RCTAppDelegate: 8d5dde171851a8b4b4ece727d5ab75eac9fab56a
  React-RCTBlob: 78a1e23a7e8ba88007fe193865f0754da00b1ccc
  React-RCTImage: 779742e2853224d44b4b5a0bfb03bac0c3a291df
  React-RCTLinking: 0ddcc039abf0fb28a0f5fe3181e2704fe2e4cebe
  React-RCTNetwork: c1bfb277a8bc15ccd04906c9c5f1129ec965de55
  React-RCTSettings: 8fa22347d4456e771fe03fb80cc8106d7b023d8b
  React-RCTText: 20535a3b1a60adb7e895dc7ce0e09af817f80536
  React-runtimeexecutor: d5926b747dee8998cc81fb4ffddfba928c85b133
  ReactCommon: 870aa5c63283e5e6fe02b085931ca321fc404655
  RNCMaskedView: 0e1bc4bfa8365eba5fbbb71e07fbdc0555249489
  RNGestureHandler: 42ec7c28dd02d540ed6c9159c57a98ff016492dc
  RNReanimated: b16237d024f04a5281b2f1662fec117eaca0b66f
  RNScreens: 218801c16a2782546d30bd2026bb625c0302d70f
  RNSVG: 6f79f8a897558ee083fce5c7c1e5a84e14597283
  Yoga: 0adc0b6b448fddff0c1c6f7160f29f4586b858e9

PODFILE CHECKSUM: a9da29bc627a8e301ea5c622f045199244420ca6

COCOAPODS: 1.12.1
